
Microsoft Visual Studio Solution File, Format Version 12.00
# Visual Studio Version 16
VisualStudioVersion = 16.0.810.6
MinimumVisualStudioVersion = 10.0.40219.1
Project("{FAE04EC0-301F-11D3-BF4B-00C04F79EFBC}") = "BankManagement", "BankManagement\BankManagement.csproj", "{954695BB-10F7-4531-9BEB-166CB2C9CF7D}"
EndProject
Project("{2150E333-8FDC-42A3-9474-1A3956D46DE8}") = "Solution Items", "Solution Items", "{530A6C54-29F8-439D-96F0-C6A484ADC9FB}"
	ProjectSection(SolutionItems) = preProject
		README.md = README.md
	EndProjectSection
EndProject
Global
	GlobalSection(SolutionConfigurationPlatforms) = preSolution
		Debug|Any CPU = Debug|Any CPU
		Release|Any CPU = Release|Any CPU
	EndGlobalSection
	GlobalSection(ProjectConfigurationPlatforms) = postSolution
		{954695BB-10F7-4531-9BEB-166CB2C9CF7D}.Debug|Any CPU.ActiveCfg = Debug|Any CPU
		{954695BB-10F7-4531-9BEB-166CB2C9CF7D}.Debug|Any CPU.Build.0 = Debug|Any CPU
		{954695BB-10F7-4531-9BEB-166CB2C9CF7D}.Release|Any CPU.ActiveCfg = Release|Any CPU
		{954695BB-10F7-4531-9BEB-166CB2C9CF7D}.Release|Any CPU.Build.0 = Release|Any CPU
	EndGlobalSection
	GlobalSection(SolutionProperties) = preSolution
		HideSolutionNode = FALSE
	EndGlobalSection
	GlobalSection(ExtensibilityGlobals) = postSolution
		SolutionGuid = {63092610-27E8-44A5-86DE-2B4EBCFBFC9E}
	EndGlobalSection
EndGlobal
